
Microsoft Visual Studio Solution File, Format Version 12.00
# Visual Studio Version 17
VisualStudioVersion = 17.9.34607.119
MinimumVisualStudioVersion = 10.0.40219.1
Project("{9A19103F-16F7-4668-BE54-9A1E7A4F7556}") = "WpfProductManagement", "WpfProductManagement\WpfProductManagement.csproj", "{116ED66D-BD2F-4AAB-8E47-F6E659A8521B}"
EndProject
Project("{FAE04EC0-301F-11D3-BF4B-00C04F79EFBC}") = "ProductManagement.Domain", "ProductManagement.Domain\ProductManagement.Domain.csproj", "{FFAD50D2-8CF8-4880-A56D-19AFA2186480}"
EndProject
Global
	GlobalSection(SolutionConfigurationPlatforms) = preSolution
		Debug|Any CPU = Debug|Any CPU
		Release|Any CPU = Release|Any CPU
	EndGlobalSection
	GlobalSection(ProjectConfigurationPlatforms) = postSolution
		{116ED66D-BD2F-4AAB-8E47-F6E659A8521B}.Debug|Any CPU.ActiveCfg = Debug|Any CPU
		{116ED66D-BD2F-4AAB-8E47-F6E659A8521B}.Debug|Any CPU.Build.0 = Debug|Any CPU
		{116ED66D-BD2F-4AAB-8E47-F6E659A8521B}.Release|Any CPU.ActiveCfg = Release|Any CPU
		{116ED66D-BD2F-4AAB-8E47-F6E659A8521B}.Release|Any CPU.Build.0 = Release|Any CPU
		{FFAD50D2-8CF8-4880-A56D-19AFA2186480}.Debug|Any CPU.ActiveCfg = Debug|Any CPU
		{FFAD50D2-8CF8-4880-A56D-19AFA2186480}.Debug|Any CPU.Build.0 = Debug|Any CPU
		{FFAD50D2-8CF8-4880-A56D-19AFA2186480}.Release|Any CPU.ActiveCfg = Release|Any CPU
		{FFAD50D2-8CF8-4880-A56D-19AFA2186480}.Release|Any CPU.Build.0 = Release|Any CPU
	EndGlobalSection
	GlobalSection(SolutionProperties) = preSolution
		HideSolutionNode = FALSE
	EndGlobalSection
	GlobalSection(ExtensibilityGlobals) = postSolution
		SolutionGuid = {BD0B5D2C-ECFF-4F9F-A665-B8BEFBA99B76}
	EndGlobalSection
EndGlobal
